# Generated by pub
# See http://pub.dartlang.org/doc/glossary.html#lockfile
packages:
  browser:
    description: browser
    source: hosted
    version: "0.8.10+3"
  meta:
    description: meta
    source: hosted
    version: "0.8.8"
  mocha_style_test:
    description:
      ref: null
      resolved-ref: ffc53494d280d012fb5d2ca7e1b96c45df7e84e1
      url: "git://github.com/blois/mocha_style_test.git"
    source: git
    version: "0.0.1"
  path:
    description: path
    source: hosted
    version: "0.8.10+3"
  stack_trace:
    description: stack_trace
    source: hosted
    version: "0.8.10+3"
  unittest:
    description: unittest
    source: hosted
    version: "0.8.10+3"
